// !$*UTF8*$!
{
	archiveVersion = 1;
	classes = {
	};
	objectVersion = 50;
	objects = {

/* Begin PBXBuildFile section */
		5EC5756A239C44A800C4C511 /* AppDelegate.swift in Sources */ = {isa = PBXBuildFile; fileRef = 5EC57569239C44A800C4C511 /* AppDelegate.swift */; };
		5EC5756C239C44A800C4C511 /* SceneDelegate.swift in Sources */ = {isa = PBXBuildFile; fileRef = 5EC5756B239C44A800C4C511 /* SceneDelegate.swift */; };
		5EC57573239C44A800C4C511 /* Assets.xcassets in Resources */ = {isa = PBXBuildFile; fileRef = 5EC57572239C44A800C4C511 /* Assets.xcassets */; };
		5EC57576239C44A800C4C511 /* LaunchScreen.storyboard in Resources */ = {isa = PBXBuildFile; fileRef = 5EC57574239C44A800C4C511 /* LaunchScreen.storyboard */; };
		5EC57584239C476100C4C511 /* MusicItemsViewController.swift in Sources */ = {isa = PBXBuildFile; fileRef = 5EC57583239C476100C4C511 /* MusicItemsViewController.swift */; };
		5EC57587239C480700C4C511 /* MusicItemsViewController.storyboard in Resources */ = {isa = PBXBuildFile; fileRef = 5EC57586239C480700C4C511 /* MusicItemsViewController.storyboard */; };
		5EC5758D239C493D00C4C511 /* Storyboarded.swift in Sources */ = {isa = PBXBuildFile; fileRef = 5EC5758C239C493D00C4C511 /* Storyboarded.swift */; };
		5EC5758F239C494800C4C511 /* UIViewController+Storyboarded.swift in Sources */ = {isa = PBXBuildFile; fileRef = 5EC5758E239C494800C4C511 /* UIViewController+Storyboarded.swift */; };
		5EC57592239C4E3900C4C511 /* MusicItemsViewController+UISearchResultsUpdating.swift in Sources */ = {isa = PBXBuildFile; fileRef = 5EC57591239C4E3800C4C511 /* MusicItemsViewController+UISearchResultsUpdating.swift */; };
		5EC57594239C555C00C4C511 /* Network.swift in Sources */ = {isa = PBXBuildFile; fileRef = 5EC57593239C555C00C4C511 /* Network.swift */; };
		5EC57596239C583C00C4C511 /* Model.swift in Sources */ = {isa = PBXBuildFile; fileRef = 5EC57595239C583C00C4C511 /* Model.swift */; };
		5EC57598239C58E700C4C511 /* Request.swift in Sources */ = {isa = PBXBuildFile; fileRef = 5EC57597239C58E700C4C511 /* Request.swift */; };
		5EC5759A239C5B8E00C4C511 /* PostRequest.swift in Sources */ = {isa = PBXBuildFile; fileRef = 5EC57599239C5B8E00C4C511 /* PostRequest.swift */; };
		5EC5759C239C5C1900C4C511 /* NetworkConstants.swift in Sources */ = {isa = PBXBuildFile; fileRef = 5EC5759B239C5C1900C4C511 /* NetworkConstants.swift */; };
		5EC5759E239C64E600C4C511 /* HTTPMethod.swift in Sources */ = {isa = PBXBuildFile; fileRef = 5EC5759D239C64E600C4C511 /* HTTPMethod.swift */; };
		5ECEA044239C6E7400C85C97 /* TableDataSource.swift in Sources */ = {isa = PBXBuildFile; fileRef = 5ECEA043239C6E7400C85C97 /* TableDataSource.swift */; };
		5ECEA069239C745100C85C97 /* MusicItem.swift in Sources */ = {isa = PBXBuildFile; fileRef = 5ECEA068239C745100C85C97 /* MusicItem.swift */; };
		5ECEA06C239C760400C85C97 /* MusicItemTableViewCell.swift in Sources */ = {isa = PBXBuildFile; fileRef = 5ECEA06B239C760400C85C97 /* MusicItemTableViewCell.swift */; };
/* End PBXBuildFile section */

/* Begin PBXFileReference section */
		5EC57566239C44A800C4C511 /* MondiamediaTestMusicAPI.app */ = {isa = PBXFileReference; explicitFileType = wrapper.application; includeInIndex = 0; path = MondiamediaTestMusicAPI.app; sourceTree = BUILT_PRODUCTS_DIR; };
		5EC57569239C44A800C4C511 /* AppDelegate.swift */ = {isa = PBXFileReference; lastKnownFileType = sourcecode.swift; path = AppDelegate.swift; sourceTree = "<group>"; };
		5EC5756B239C44A800C4C511 /* SceneDelegate.swift */ = {isa = PBXFileReference; lastKnownFileType = sourcecode.swift; path = SceneDelegate.swift; sourceTree = "<group>"; };
		5EC57572239C44A800C4C511 /* Assets.xcassets */ = {isa = PBXFileReference; lastKnownFileType = folder.assetcatalog; path = Assets.xcassets; sourceTree = "<group>"; };
		5EC57575239C44A800C4C511 /* Base */ = {isa = PBXFileReference; lastKnownFileType = file.storyboard; name = Base; path = Base.lproj/LaunchScreen.storyboard; sourceTree = "<group>"; };
		5EC57577239C44A800C4C511 /* Info.plist */ = {isa = PBXFileReference; lastKnownFileType = text.plist.xml; path = Info.plist; sourceTree = "<group>"; };
		5EC57583239C476100C4C511 /* MusicItemsViewController.swift */ = {isa = PBXFileReference; lastKnownFileType = sourcecode.swift; path = MusicItemsViewController.swift; sourceTree = "<group>"; };
		5EC57586239C480700C4C511 /* MusicItemsViewController.storyboard */ = {isa = PBXFileReference; lastKnownFileType = file.storyboard; path = MusicItemsViewController.storyboard; sourceTree = "<group>"; };
		5EC5758C239C493D00C4C511 /* Storyboarded.swift */ = {isa = PBXFileReference; fileEncoding = 4; lastKnownFileType = sourcecode.swift; path = Storyboarded.swift; sourceTree = "<group>"; };
		5EC5758E239C494800C4C511 /* UIViewController+Storyboarded.swift */ = {isa = PBXFileReference; fileEncoding = 4; lastKnownFileType = sourcecode.swift; path = "UIViewController+Storyboarded.swift"; sourceTree = "<group>"; };
		5EC57591239C4E3800C4C511 /* MusicItemsViewController+UISearchResultsUpdating.swift */ = {isa = PBXFileReference; lastKnownFileType = sourcecode.swift; path = "MusicItemsViewController+UISearchResultsUpdating.swift"; sourceTree = "<group>"; };
		5EC57593239C555C00C4C511 /* Network.swift */ = {isa = PBXFileReference; lastKnownFileType = sourcecode.swift; path = Network.swift; sourceTree = "<group>"; };
		5EC57595239C583C00C4C511 /* Model.swift */ = {isa = PBXFileReference; lastKnownFileType = sourcecode.swift; path = Model.swift; sourceTree = "<group>"; };
		5EC57597239C58E700C4C511 /* Request.swift */ = {isa = PBXFileReference; lastKnownFileType = sourcecode.swift; path = Request.swift; sourceTree = "<group>"; };
		5EC57599239C5B8E00C4C511 /* PostRequest.swift */ = {isa = PBXFileReference; lastKnownFileType = sourcecode.swift; path = PostRequest.swift; sourceTree = "<group>"; };
		5EC5759B239C5C1900C4C511 /* NetworkConstants.swift */ = {isa = PBXFileReference; lastKnownFileType = sourcecode.swift; path = NetworkConstants.swift; sourceTree = "<group>"; };
		5EC5759D239C64E600C4C511 /* HTTPMethod.swift */ = {isa = PBXFileReference; lastKnownFileType = sourcecode.swift; path = HTTPMethod.swift; sourceTree = "<group>"; };
		5ECEA043239C6E7400C85C97 /* TableDataSource.swift */ = {isa = PBXFileReference; fileEncoding = 4; lastKnownFileType = sourcecode.swift; path = TableDataSource.swift; sourceTree = "<group>"; };
		5ECEA068239C745100C85C97 /* MusicItem.swift */ = {isa = PBXFileReference; lastKnownFileType = sourcecode.swift; path = MusicItem.swift; sourceTree = "<group>"; };
		5ECEA06B239C760400C85C97 /* MusicItemTableViewCell.swift */ = {isa = PBXFileReference; lastKnownFileType = sourcecode.swift; path = MusicItemTableViewCell.swift; sourceTree = "<group>"; };
/* End PBXFileReference section */

/* Begin PBXFrameworksBuildPhase section */
		5EC57563239C44A800C4C511 /* Frameworks */ = {
			isa = PBXFrameworksBuildPhase;
			buildActionMask = 2147483647;
			files = (
			);
			runOnlyForDeploymentPostprocessing = 0;
		};
/* End PBXFrameworksBuildPhase section */

/* Begin PBXGroup section */
		5EC5755D239C44A800C4C511 = {
			isa = PBXGroup;
			children = (
				5EC57568239C44A800C4C511 /* MondiamediaTestMusicAPI */,
				5EC57567239C44A800C4C511 /* Products */,
			);
			sourceTree = "<group>";
		};
		5EC57567239C44A800C4C511 /* Products */ = {
			isa = PBXGroup;
			children = (
				5EC57566239C44A800C4C511 /* MondiamediaTestMusicAPI.app */,
			);
			name = Products;
			sourceTree = "<group>";
		};
		5EC57568239C44A800C4C511 /* MondiamediaTestMusicAPI */ = {
			isa = PBXGroup;
			children = (
				5EC57577239C44A800C4C511 /* Info.plist */,
				5EC5757D239C46F300C4C511 /* Source */,
				5EC57590239C4A7900C4C511 /* Resources */,
				5EC57574239C44A800C4C511 /* LaunchScreen.storyboard */,
			);
			path = MondiamediaTestMusicAPI;
			sourceTree = "<group>";
		};
		5EC5757D239C46F300C4C511 /* Source */ = {
			isa = PBXGroup;
			children = (
				5EC57569239C44A800C4C511 /* AppDelegate.swift */,
				5EC5756B239C44A800C4C511 /* SceneDelegate.swift */,
				5EC5757E239C470900C4C511 /* UI */,
				5EC5757F239C471600C4C511 /* Models */,
				5EC57581239C472400C4C511 /* Enums */,
				5EC57582239C473800C4C511 /* Library */,
			);
			path = Source;
			sourceTree = "<group>";
		};
		5EC5757E239C470900C4C511 /* UI */ = {
			isa = PBXGroup;
			children = (
				5EC57585239C476500C4C511 /* MusicItemsViewController */,
			);
			path = UI;
			sourceTree = "<group>";
		};
		5EC5757F239C471600C4C511 /* Models */ = {
			isa = PBXGroup;
			children = (
				5ECEA068239C745100C85C97 /* MusicItem.swift */,
			);
			path = Models;
			sourceTree = "<group>";
		};
		5EC57580239C471D00C4C511 /* Network */ = {
			isa = PBXGroup;
			children = (
				5EC57593239C555C00C4C511 /* Network.swift */,
				5EC57595239C583C00C4C511 /* Model.swift */,
				5EC57597239C58E700C4C511 /* Request.swift */,
				5EC57599239C5B8E00C4C511 /* PostRequest.swift */,
				5EC5759B239C5C1900C4C511 /* NetworkConstants.swift */,
				5EC5759D239C64E600C4C511 /* HTTPMethod.swift */,
			);
			path = Network;
			sourceTree = "<group>";
		};
		5EC57581239C472400C4C511 /* Enums */ = {
			isa = PBXGroup;
			children = (
			);
			path = Enums;
			sourceTree = "<group>";
		};
		5EC57582239C473800C4C511 /* Library */ = {
			isa = PBXGroup;
			children = (
				5ECEA043239C6E7400C85C97 /* TableDataSource.swift */,
				5EC57589239C48BD00C4C511 /* Protocols */,
				5EC57588239C488B00C4C511 /* Extensions */,
				5EC57580239C471D00C4C511 /* Network */,
			);
			path = Library;
			sourceTree = "<group>";
		};
		5EC57585239C476500C4C511 /* MusicItemsViewController */ = {
			isa = PBXGroup;
			children = (
				5EC57583239C476100C4C511 /* MusicItemsViewController.swift */,
				5EC57586239C480700C4C511 /* MusicItemsViewController.storyboard */,
				5EC57591239C4E3800C4C511 /* MusicItemsViewController+UISearchResultsUpdating.swift */,
				5ECEA06A239C75DF00C85C97 /* Cell */,
			);
			path = MusicItemsViewController;
			sourceTree = "<group>";
		};
		5EC57588239C488B00C4C511 /* Extensions */ = {
			isa = PBXGroup;
			children = (
				5EC5758E239C494800C4C511 /* UIViewController+Storyboarded.swift */,
			);
			path = Extensions;
			sourceTree = "<group>";
		};
		5EC57589239C48BD00C4C511 /* Protocols */ = {
			isa = PBXGroup;
			children = (
				5EC5758C239C493D00C4C511 /* Storyboarded.swift */,
			);
			path = Protocols;
			sourceTree = "<group>";
		};
		5EC57590239C4A7900C4C511 /* Resources */ = {
			isa = PBXGroup;
			children = (
				5EC57572239C44A800C4C511 /* Assets.xcassets */,
			);
			path = Resources;
			sourceTree = "<group>";
		};
		5ECEA06A239C75DF00C85C97 /* Cell */ = {
			isa = PBXGroup;
			children = (
				5ECEA06B239C760400C85C97 /* MusicItemTableViewCell.swift */,
			);
			path = Cell;
			sourceTree = "<group>";
		};
/* End PBXGroup section */

/* Begin PBXNativeTarget section */
		5EC57565239C44A800C4C511 /* MondiamediaTestMusicAPI */ = {
			isa = PBXNativeTarget;
			buildConfigurationList = 5EC5757A239C44A800C4C511 /* Build configuration list for PBXNativeTarget "MondiamediaTestMusicAPI" */;
			buildPhases = (
				5EC57562239C44A800C4C511 /* Sources */,
				5EC57563239C44A800C4C511 /* Frameworks */,
				5EC57564239C44A800C4C511 /* Resources */,
			);
			buildRules = (
			);
			dependencies = (
			);
			name = MondiamediaTestMusicAPI;
			productName = MondiamediaTestMusicAPI;
			productReference = 5EC57566239C44A800C4C511 /* MondiamediaTestMusicAPI.app */;
			productType = "com.apple.product-type.application";
		};
/* End PBXNativeTarget section */

/* Begin PBXProject section */
		5EC5755E239C44A800C4C511 /* Project object */ = {
			isa = PBXProject;
			attributes = {
				LastSwiftUpdateCheck = 1110;
				LastUpgradeCheck = 1110;
				ORGANIZATIONNAME = ASH;
				TargetAttributes = {
					5EC57565239C44A800C4C511 = {
						CreatedOnToolsVersion = 11.1;
					};
				};
			};
			buildConfigurationList = 5EC57561239C44A800C4C511 /* Build configuration list for PBXProject "MondiamediaTestMusicAPI" */;
			compatibilityVersion = "Xcode 9.3";
			developmentRegion = en;
			hasScannedForEncodings = 0;
			knownRegions = (
				en,
				Base,
			);
			mainGroup = 5EC5755D239C44A800C4C511;
			productRefGroup = 5EC57567239C44A800C4C511 /* Products */;
			projectDirPath = "";
			projectRoot = "";
			targets = (
				5EC57565239C44A800C4C511 /* MondiamediaTestMusicAPI */,
			);
		};
/* End PBXProject section */

/* Begin PBXResourcesBuildPhase section */
		5EC57564239C44A800C4C511 /* Resources */ = {
			isa = PBXResourcesBuildPhase;
			buildActionMask = 2147483647;
			files = (
				5EC57576239C44A800C4C511 /* LaunchScreen.storyboard in Resources */,
				5EC57573239C44A800C4C511 /* Assets.xcassets in Resources */,
				5EC57587239C480700C4C511 /* MusicItemsViewController.storyboard in Resources */,
			);
			runOnlyForDeploymentPostprocessing = 0;
		};
/* End PBXResourcesBuildPhase section */

/* Begin PBXSourcesBuildPhase section */
		5EC57562239C44A800C4C511 /* Sources */ = {
			isa = PBXSourcesBuildPhase;
			buildActionMask = 2147483647;
			files = (
				5EC5756A239C44A800C4C511 /* AppDelegate.swift in Sources */,
				5EC5758F239C494800C4C511 /* UIViewController+Storyboarded.swift in Sources */,
				5ECEA069239C745100C85C97 /* MusicItem.swift in Sources */,
				5EC5759C239C5C1900C4C511 /* NetworkConstants.swift in Sources */,
				5EC57592239C4E3900C4C511 /* MusicItemsViewController+UISearchResultsUpdating.swift in Sources */,
				5EC5758D239C493D00C4C511 /* Storyboarded.swift in Sources */,
				5EC5756C239C44A800C4C511 /* SceneDelegate.swift in Sources */,
				5EC57594239C555C00C4C511 /* Network.swift in Sources */,
				5EC57584239C476100C4C511 /* MusicItemsViewController.swift in Sources */,
				5EC5759E239C64E600C4C511 /* HTTPMethod.swift in Sources */,
				5EC5759A239C5B8E00C4C511 /* PostRequest.swift in Sources */,
				5EC57598239C58E700C4C511 /* Request.swift in Sources */,
				5ECEA044239C6E7400C85C97 /* TableDataSource.swift in Sources */,
				5EC57596239C583C00C4C511 /* Model.swift in Sources */,
				5ECEA06C239C760400C85C97 /* MusicItemTableViewCell.swift in Sources */,
			);
			runOnlyForDeploymentPostprocessing = 0;
		};
/* End PBXSourcesBuildPhase section */

/* Begin PBXVariantGroup section */
		5EC57574239C44A800C4C511 /* LaunchScreen.storyboard */ = {
			isa = PBXVariantGroup;
			children = (
				5EC57575239C44A800C4C511 /* Base */,
			);
			name = LaunchScreen.storyboard;
			sourceTree = "<group>";
		};
/* End PBXVariantGroup section */

/* Begin XCBuildConfiguration section */
		5EC57578239C44A800C4C511 /* Debug */ = {
			isa = XCBuildConfiguration;
			buildSettings = {
				ALWAYS_SEARCH_USER_PATHS = NO;
				CLANG_ANALYZER_NONNULL = YES;
				CLANG_ANALYZER_NUMBER_OBJECT_CONVERSION = YES_AGGRESSIVE;
				CLANG_CXX_LANGUAGE_STANDARD = "gnu++14";
				CLANG_CXX_LIBRARY = "libc++";
				CLANG_ENABLE_MODULES = YES;
				CLANG_ENABLE_OBJC_ARC = YES;
				CLANG_ENABLE_OBJC_WEAK = YES;
				CLANG_WARN_BLOCK_CAPTURE_AUTORELEASING = YES;
				CLANG_WARN_BOOL_CONVERSION = YES;
				CLANG_WARN_COMMA = YES;
				CLANG_WARN_CONSTANT_CONVERSION = YES;
				CLANG_WARN_DEPRECATED_OBJC_IMPLEMENTATIONS = YES;
				CLANG_WARN_DIRECT_OBJC_ISA_USAGE = YES_ERROR;
				CLANG_WARN_DOCUMENTATION_COMMENTS = YES;
				CLANG_WARN_EMPTY_BODY = YES;
				CLANG_WARN_ENUM_CONVERSION = YES;
				CLANG_WARN_INFINITE_RECURSION = YES;
				CLANG_WARN_INT_CONVERSION = YES;
				CLANG_WARN_NON_LITERAL_NULL_CONVERSION = YES;
				CLANG_WARN_OBJC_IMPLICIT_RETAIN_SELF = YES;
				CLANG_WARN_OBJC_LITERAL_CONVERSION = YES;
				CLANG_WARN_OBJC_ROOT_CLASS = YES_ERROR;
				CLANG_WARN_RANGE_LOOP_ANALYSIS = YES;
				CLANG_WARN_STRICT_PROTOTYPES = YES;
				CLANG_WARN_SUSPICIOUS_MOVE = YES;
				CLANG_WARN_UNGUARDED_AVAILABILITY = YES_AGGRESSIVE;
				CLANG_WARN_UNREACHABLE_CODE = YES;
				CLANG_WARN__DUPLICATE_METHOD_MATCH = YES;
				COPY_PHASE_STRIP = NO;
				DEBUG_INFORMATION_FORMAT = dwarf;
				ENABLE_STRICT_OBJC_MSGSEND = YES;
				ENABLE_TESTABILITY = YES;
				GCC_C_LANGUAGE_STANDARD = gnu11;
				GCC_DYNAMIC_NO_PIC = NO;
				GCC_NO_COMMON_BLOCKS = YES;
				GCC_OPTIMIZATION_LEVEL = 0;
				GCC_PREPROCESSOR_DEFINITIONS = (
					"DEBUG=1",
					"$(inherited)",
				);
				GCC_WARN_64_TO_32_BIT_CONVERSION = YES;
				GCC_WARN_ABOUT_RETURN_TYPE = YES_ERROR;
				GCC_WARN_UNDECLARED_SELECTOR = YES;
				GCC_WARN_UNINITIALIZED_AUTOS = YES_AGGRESSIVE;
				GCC_WARN_UNUSED_FUNCTION = YES;
				GCC_WARN_UNUSED_VARIABLE = YES;
				IPHONEOS_DEPLOYMENT_TARGET = 13.1;
				MTL_ENABLE_DEBUG_INFO = INCLUDE_SOURCE;
				MTL_FAST_MATH = YES;
				ONLY_ACTIVE_ARCH = YES;
				SDKROOT = iphoneos;
				SWIFT_ACTIVE_COMPILATION_CONDITIONS = DEBUG;
				SWIFT_OPTIMIZATION_LEVEL = "-Onone";
			};
			name = Debug;
		};
		5EC57579239C44A800C4C511 /* Release */ = {
			isa = XCBuildConfiguration;
			buildSettings = {
				ALWAYS_SEARCH_USER_PATHS = NO;
				CLANG_ANALYZER_NONNULL = YES;
				CLANG_ANALYZER_NUMBER_OBJECT_CONVERSION = YES_AGGRESSIVE;
				CLANG_CXX_LANGUAGE_STANDARD = "gnu++14";
				CLANG_CXX_LIBRARY = "libc++";
				CLANG_ENABLE_MODULES = YES;
				CLANG_ENABLE_OBJC_ARC = YES;
				CLANG_ENABLE_OBJC_WEAK = YES;
				CLANG_WARN_BLOCK_CAPTURE_AUTORELEASING = YES;
				CLANG_WARN_BOOL_CONVERSION = YES;
				CLANG_WARN_COMMA = YES;
				CLANG_WARN_CONSTANT_CONVERSION = YES;
				CLANG_WARN_DEPRECATED_OBJC_IMPLEMENTATIONS = YES;
				CLANG_WARN_DIRECT_OBJC_ISA_USAGE = YES_ERROR;
				CLANG_WARN_DOCUMENTATION_COMMENTS = YES;
				CLANG_WARN_EMPTY_BODY = YES;
				CLANG_WARN_ENUM_CONVERSION = YES;
				CLANG_WARN_INFINITE_RECURSION = YES;
				CLANG_WARN_INT_CONVERSION = YES;
				CLANG_WARN_NON_LITERAL_NULL_CONVERSION = YES;
				CLANG_WARN_OBJC_IMPLICIT_RETAIN_SELF = YES;
				CLANG_WARN_OBJC_LITERAL_CONVERSION = YES;
				CLANG_WARN_OBJC_ROOT_CLASS = YES_ERROR;
				CLANG_WARN_RANGE_LOOP_ANALYSIS = YES;
				CLANG_WARN_STRICT_PROTOTYPES = YES;
				CLANG_WARN_SUSPICIOUS_MOVE = YES;
				CLANG_WARN_UNGUARDED_AVAILABILITY = YES_AGGRESSIVE;
				CLANG_WARN_UNREACHABLE_CODE = YES;
				CLANG_WARN__DUPLICATE_METHOD_MATCH = YES;
				COPY_PHASE_STRIP = NO;
				DEBUG_INFORMATION_FORMAT = "dwarf-with-dsym";
				ENABLE_NS_ASSERTIONS = NO;
				ENABLE_STRICT_OBJC_MSGSEND = YES;
				GCC_C_LANGUAGE_STANDARD = gnu11;
				GCC_NO_COMMON_BLOCKS = YES;
				GCC_WARN_64_TO_32_BIT_CONVERSION = YES;
				GCC_WARN_ABOUT_RETURN_TYPE = YES_ERROR;
				GCC_WARN_UNDECLARED_SELECTOR = YES;
				GCC_WARN_UNINITIALIZED_AUTOS = YES_AGGRESSIVE;
				GCC_WARN_UNUSED_FUNCTION = YES;
				GCC_WARN_UNUSED_VARIABLE = YES;
				IPHONEOS_DEPLOYMENT_TARGET = 13.1;
				MTL_ENABLE_DEBUG_INFO = NO;
				MTL_FAST_MATH = YES;
				SDKROOT = iphoneos;
				SWIFT_COMPILATION_MODE = wholemodule;
				SWIFT_OPTIMIZATION_LEVEL = "-O";
				VALIDATE_PRODUCT = YES;
			};
			name = Release;
		};
		5EC5757B239C44A800C4C511 /* Debug */ = {
			isa = XCBuildConfiguration;
			buildSettings = {
				ASSETCATALOG_COMPILER_APPICON_NAME = AppIcon;
				CODE_SIGN_STYLE = Automatic;
				DEVELOPMENT_TEAM = K556B6FN82;
				INFOPLIST_FILE = MondiamediaTestMusicAPI/Info.plist;
				LD_RUNPATH_SEARCH_PATHS = (
					"$(inherited)",
					"@executable_path/Frameworks",
				);
				PRODUCT_BUNDLE_IDENTIFIER = ASH.MondiamediaTestMusicAPI;
				PRODUCT_NAME = "$(TARGET_NAME)";
				SWIFT_VERSION = 5.0;
				TARGETED_DEVICE_FAMILY = "1,2";
			};
			name = Debug;
		};
		5EC5757C239C44A800C4C511 /* Release */ = {
			isa = XCBuildConfiguration;
			buildSettings = {
				ASSETCATALOG_COMPILER_APPICON_NAME = AppIcon;
				CODE_SIGN_STYLE = Automatic;
				DEVELOPMENT_TEAM = K556B6FN82;
				INFOPLIST_FILE = MondiamediaTestMusicAPI/Info.plist;
				LD_RUNPATH_SEARCH_PATHS = (
					"$(inherited)",
					"@executable_path/Frameworks",
				);
				PRODUCT_BUNDLE_IDENTIFIER = ASH.MondiamediaTestMusicAPI;
				PRODUCT_NAME = "$(TARGET_NAME)";
				SWIFT_VERSION = 5.0;
				TARGETED_DEVICE_FAMILY = "1,2";
			};
			name = Release;
		};
/* End XCBuildConfiguration section */

/* Begin XCConfigurationList section */
		5EC57561239C44A800C4C511 /* Build configuration list for PBXProject "MondiamediaTestMusicAPI" */ = {
			isa = XCConfigurationList;
			buildConfigurations = (
				5EC57578239C44A800C4C511 /* Debug */,
				5EC57579239C44A800C4C511 /* Release */,
			);
			defaultConfigurationIsVisible = 0;
			defaultConfigurationName = Release;
		};
		5EC5757A239C44A800C4C511 /* Build configuration list for PBXNativeTarget "MondiamediaTestMusicAPI" */ = {
			isa = XCConfigurationList;
			buildConfigurations = (
				5EC5757B239C44A800C4C511 /* Debug */,
				5EC5757C239C44A800C4C511 /* Release */,
			);
			defaultConfigurationIsVisible = 0;
			defaultConfigurationName = Release;
		};
/* End XCConfigurationList section */
	};
	rootObject = 5EC5755E239C44A800C4C511 /* Project object */;
}
